// !$*UTF8*$!
{
	archiveVersion = 1;
	classes = {
	};
	objectVersion = 56;
	objects = {

/* Begin PBXBuildFile section */
		1C310DE82C8B45800015768C /* SFSymbolDemoApp.swift in Sources */ = {isa = PBXBuildFile; fileRef = 1C310DE72C8B45800015768C /* SFSymbolDemoApp.swift */; };
		1C310DEA2C8B45800015768C /* ContentView.swift in Sources */ = {isa = PBXBuildFile; fileRef = 1C310DE92C8B45800015768C /* ContentView.swift */; };
		1C310DEC2C8B45820015768C /* Assets.xcassets in Resources */ = {isa = PBXBuildFile; fileRef = 1C310DEB2C8B45820015768C /* Assets.xcassets */; };
		1C310DEF2C8B45820015768C /* Preview Assets.xcassets in Resources */ = {isa = PBXBuildFile; fileRef = 1C310DEE2C8B45820015768C /* Preview Assets.xcassets */; };
		1C310DF82C8D4B2D0015768C /* CategoryPage.swift in Sources */ = {isa = PBXBuildFile; fileRef = 1C310DF72C8D4B2D0015768C /* CategoryPage.swift */; };
		1C310DFA2C8D4F440015768C /* Basic.swift in Sources */ = {isa = PBXBuildFile; fileRef = 1C310DF92C8D4F440015768C /* Basic.swift */; };
		1C310DFC2C8D8CC90015768C /* FontWeightAndScale.swift in Sources */ = {isa = PBXBuildFile; fileRef = 1C310DFB2C8D8CC90015768C /* FontWeightAndScale.swift */; };
		1C310DFE2C8DE3EC0015768C /* RenderMode.swift in Sources */ = {isa = PBXBuildFile; fileRef = 1C310DFD2C8DE3EC0015768C /* RenderMode.swift */; };
		1C310E002C8E7ECB0015768C /* VariableColor.swift in Sources */ = {isa = PBXBuildFile; fileRef = 1C310DFF2C8E7ECB0015768C /* VariableColor.swift */; };
		1C310E1E2C8F337F0015768C /* DesignVariants.swift in Sources */ = {isa = PBXBuildFile; fileRef = 1C310E1D2C8F337F0015768C /* DesignVariants.swift */; };
		1C310E202C8F3CB80015768C /* Effect.swift in Sources */ = {isa = PBXBuildFile; fileRef = 1C310E1F2C8F3CB80015768C /* Effect.swift */; };
		1C426E012C9337B800121A10 /* DiscreteEffect.swift in Sources */ = {isa = PBXBuildFile; fileRef = 1C426E002C9337B800121A10 /* DiscreteEffect.swift */; };
		1C426E032C93396800121A10 /* IndefiniteEffect.swift in Sources */ = {isa = PBXBuildFile; fileRef = 1C426E022C93396800121A10 /* IndefiniteEffect.swift */; };
		1C426E052C933A4B00121A10 /* TransitionEffect.swift in Sources */ = {isa = PBXBuildFile; fileRef = 1C426E042C933A4B00121A10 /* TransitionEffect.swift */; };
		1C426E072C933DF100121A10 /* ContentTransitionEffect.swift in Sources */ = {isa = PBXBuildFile; fileRef = 1C426E062C933DF100121A10 /* ContentTransitionEffect.swift */; };
/* End PBXBuildFile section */

/* Begin PBXFileReference section */
		1C310DE42C8B45800015768C /* SFSymbolDemo.app */ = {isa = PBXFileReference; explicitFileType = wrapper.application; includeInIndex = 0; path = SFSymbolDemo.app; sourceTree = BUILT_PRODUCTS_DIR; };
		1C310DE72C8B45800015768C /* SFSymbolDemoApp.swift */ = {isa = PBXFileReference; lastKnownFileType = sourcecode.swift; path = SFSymbolDemoApp.swift; sourceTree = "<group>"; };
		1C310DE92C8B45800015768C /* ContentView.swift */ = {isa = PBXFileReference; lastKnownFileType = sourcecode.swift; path = ContentView.swift; sourceTree = "<group>"; };
		1C310DEB2C8B45820015768C /* Assets.xcassets */ = {isa = PBXFileReference; lastKnownFileType = folder.assetcatalog; path = Assets.xcassets; sourceTree = "<group>"; };
		1C310DEE2C8B45820015768C /* Preview Assets.xcassets */ = {isa = PBXFileReference; lastKnownFileType = folder.assetcatalog; path = "Preview Assets.xcassets"; sourceTree = "<group>"; };
		1C310DF72C8D4B2D0015768C /* CategoryPage.swift */ = {isa = PBXFileReference; lastKnownFileType = sourcecode.swift; path = CategoryPage.swift; sourceTree = "<group>"; };
		1C310DF92C8D4F440015768C /* Basic.swift */ = {isa = PBXFileReference; lastKnownFileType = sourcecode.swift; path = Basic.swift; sourceTree = "<group>"; };
		1C310DFB2C8D8CC90015768C /* FontWeightAndScale.swift */ = {isa = PBXFileReference; lastKnownFileType = sourcecode.swift; path = FontWeightAndScale.swift; sourceTree = "<group>"; };
		1C310DFD2C8DE3EC0015768C /* RenderMode.swift */ = {isa = PBXFileReference; lastKnownFileType = sourcecode.swift; path = RenderMode.swift; sourceTree = "<group>"; };
		1C310DFF2C8E7ECB0015768C /* VariableColor.swift */ = {isa = PBXFileReference; lastKnownFileType = sourcecode.swift; path = VariableColor.swift; sourceTree = "<group>"; };
		1C310E1D2C8F337F0015768C /* DesignVariants.swift */ = {isa = PBXFileReference; lastKnownFileType = sourcecode.swift; path = DesignVariants.swift; sourceTree = "<group>"; };
		1C310E1F2C8F3CB80015768C /* Effect.swift */ = {isa = PBXFileReference; lastKnownFileType = sourcecode.swift; path = Effect.swift; sourceTree = "<group>"; };
		1C426E002C9337B800121A10 /* DiscreteEffect.swift */ = {isa = PBXFileReference; lastKnownFileType = sourcecode.swift; path = DiscreteEffect.swift; sourceTree = "<group>"; };
		1C426E022C93396800121A10 /* IndefiniteEffect.swift */ = {isa = PBXFileReference; lastKnownFileType = sourcecode.swift; path = IndefiniteEffect.swift; sourceTree = "<group>"; };
		1C426E042C933A4B00121A10 /* TransitionEffect.swift */ = {isa = PBXFileReference; lastKnownFileType = sourcecode.swift; path = TransitionEffect.swift; sourceTree = "<group>"; };
		1C426E062C933DF100121A10 /* ContentTransitionEffect.swift */ = {isa = PBXFileReference; lastKnownFileType = sourcecode.swift; path = ContentTransitionEffect.swift; sourceTree = "<group>"; };
/* End PBXFileReference section */

/* Begin PBXFrameworksBuildPhase section */
		1C310DE12C8B45800015768C /* Frameworks */ = {
			isa = PBXFrameworksBuildPhase;
			buildActionMask = 2147483647;
			files = (
			);
			runOnlyForDeploymentPostprocessing = 0;
		};
/* End PBXFrameworksBuildPhase section */

/* Begin PBXGroup section */
		1C310DDB2C8B45800015768C = {
			isa = PBXGroup;
			children = (
				1C310DE62C8B45800015768C /* SFSymbolDemo */,
				1C310DE52C8B45800015768C /* Products */,
			);
			sourceTree = "<group>";
		};
		1C310DE52C8B45800015768C /* Products */ = {
			isa = PBXGroup;
			children = (
				1C310DE42C8B45800015768C /* SFSymbolDemo.app */,
			);
			name = Products;
			sourceTree = "<group>";
		};
		1C310DE62C8B45800015768C /* SFSymbolDemo */ = {
			isa = PBXGroup;
			children = (
				1C310DE72C8B45800015768C /* SFSymbolDemoApp.swift */,
				1C310DF92C8D4F440015768C /* Basic.swift */,
				1C310DFB2C8D8CC90015768C /* FontWeightAndScale.swift */,
				1C310DFD2C8DE3EC0015768C /* RenderMode.swift */,
				1C310DF72C8D4B2D0015768C /* CategoryPage.swift */,
				1C310DE92C8B45800015768C /* ContentView.swift */,
				1C310DFF2C8E7ECB0015768C /* VariableColor.swift */,
				1C310E1D2C8F337F0015768C /* DesignVariants.swift */,
				1C310E1F2C8F3CB80015768C /* Effect.swift */,
				1C426E002C9337B800121A10 /* DiscreteEffect.swift */,
				1C426E022C93396800121A10 /* IndefiniteEffect.swift */,
				1C426E042C933A4B00121A10 /* TransitionEffect.swift */,
				1C426E062C933DF100121A10 /* ContentTransitionEffect.swift */,
				1C310DEB2C8B45820015768C /* Assets.xcassets */,
				1C310DED2C8B45820015768C /* Preview Content */,
			);
			path = SFSymbolDemo;
			sourceTree = "<group>";
		};
		1C310DED2C8B45820015768C /* Preview Content */ = {
			isa = PBXGroup;
			children = (
				1C310DEE2C8B45820015768C /* Preview Assets.xcassets */,
			);
			path = "Preview Content";
			sourceTree = "<group>";
		};
/* End PBXGroup section */

/* Begin PBXNativeTarget section */
		1C310DE32C8B45800015768C /* SFSymbolDemo */ = {
			isa = PBXNativeTarget;
			buildConfigurationList = 1C310DF22C8B45820015768C /* Build configuration list for PBXNativeTarget "SFSymbolDemo" */;
			buildPhases = (
				1C310DE02C8B45800015768C /* Sources */,
				1C310DE12C8B45800015768C /* Frameworks */,
				1C310DE22C8B45800015768C /* Resources */,
			);
			buildRules = (
			);
			dependencies = (
			);
			name = SFSymbolDemo;
			productName = SFSymbolDemo;
			productReference = 1C310DE42C8B45800015768C /* SFSymbolDemo.app */;
			productType = "com.apple.product-type.application";
		};
/* End PBXNativeTarget section */

/* Begin PBXProject section */
		1C310DDC2C8B45800015768C /* Project object */ = {
			isa = PBXProject;
			attributes = {
				BuildIndependentTargetsInParallel = 1;
				LastSwiftUpdateCheck = 1540;
				LastUpgradeCheck = 1540;
				TargetAttributes = {
					1C310DE32C8B45800015768C = {
						CreatedOnToolsVersion = 15.4;
					};
				};
			};
			buildConfigurationList = 1C310DDF2C8B45800015768C /* Build configuration list for PBXProject "SFSymbolDemo" */;
			compatibilityVersion = "Xcode 14.0";
			developmentRegion = en;
			hasScannedForEncodings = 0;
			knownRegions = (
				en,
				Base,
			);
			mainGroup = 1C310DDB2C8B45800015768C;
			productRefGroup = 1C310DE52C8B45800015768C /* Products */;
			projectDirPath = "";
			projectRoot = "";
			targets = (
				1C310DE32C8B45800015768C /* SFSymbolDemo */,
			);
		};
/* End PBXProject section */

/* Begin PBXResourcesBuildPhase section */
		1C310DE22C8B45800015768C /* Resources */ = {
			isa = PBXResourcesBuildPhase;
			buildActionMask = 2147483647;
			files = (
				1C310DEF2C8B45820015768C /* Preview Assets.xcassets in Resources */,
				1C310DEC2C8B45820015768C /* Assets.xcassets in Resources */,
			);
			runOnlyForDeploymentPostprocessing = 0;
		};
/* End PBXResourcesBuildPhase section */

/* Begin PBXSourcesBuildPhase section */
		1C310DE02C8B45800015768C /* Sources */ = {
			isa = PBXSourcesBuildPhase;
			buildActionMask = 2147483647;
			files = (
				1C310DFC2C8D8CC90015768C /* FontWeightAndScale.swift in Sources */,
				1C310E1E2C8F337F0015768C /* DesignVariants.swift in Sources */,
				1C310E002C8E7ECB0015768C /* VariableColor.swift in Sources */,
				1C426E012C9337B800121A10 /* DiscreteEffect.swift in Sources */,
				1C310E202C8F3CB80015768C /* Effect.swift in Sources */,
				1C310DFA2C8D4F440015768C /* Basic.swift in Sources */,
				1C426E032C93396800121A10 /* IndefiniteEffect.swift in Sources */,
				1C426E072C933DF100121A10 /* ContentTransitionEffect.swift in Sources */,
				1C310DF82C8D4B2D0015768C /* CategoryPage.swift in Sources */,
				1C310DEA2C8B45800015768C /* ContentView.swift in Sources */,
				1C426E052C933A4B00121A10 /* TransitionEffect.swift in Sources */,
				1C310DFE2C8DE3EC0015768C /* RenderMode.swift in Sources */,
				1C310DE82C8B45800015768C /* SFSymbolDemoApp.swift in Sources */,
			);
			runOnlyForDeploymentPostprocessing = 0;
		};
/* End PBXSourcesBuildPhase section */

/* Begin XCBuildConfiguration section */
		1C310DF02C8B45820015768C /* Debug */ = {
			isa = XCBuildConfiguration;
			buildSettings = {
				ALWAYS_SEARCH_USER_PATHS = NO;
				ASSETCATALOG_COMPILER_GENERATE_SWIFT_ASSET_SYMBOL_EXTENSIONS = YES;
				CLANG_ANALYZER_NONNULL = YES;
				CLANG_ANALYZER_NUMBER_OBJECT_CONVERSION = YES_AGGRESSIVE;
				CLANG_CXX_LANGUAGE_STANDARD = "gnu++20";
				CLANG_ENABLE_MODULES = YES;
				CLANG_ENABLE_OBJC_ARC = YES;
				CLANG_ENABLE_OBJC_WEAK = YES;
				CLANG_WARN_BLOCK_CAPTURE_AUTORELEASING = YES;
				CLANG_WARN_BOOL_CONVERSION = YES;
				CLANG_WARN_COMMA = YES;
				CLANG_WARN_CONSTANT_CONVERSION = YES;
				CLANG_WARN_DEPRECATED_OBJC_IMPLEMENTATIONS = YES;
				CLANG_WARN_DIRECT_OBJC_ISA_USAGE = YES_ERROR;
				CLANG_WARN_DOCUMENTATION_COMMENTS = YES;
				CLANG_WARN_EMPTY_BODY = YES;
				CLANG_WARN_ENUM_CONVERSION = YES;
				CLANG_WARN_INFINITE_RECURSION = YES;
				CLANG_WARN_INT_CONVERSION = YES;
				CLANG_WARN_NON_LITERAL_NULL_CONVERSION = YES;
				CLANG_WARN_OBJC_IMPLICIT_RETAIN_SELF = YES;
				CLANG_WARN_OBJC_LITERAL_CONVERSION = YES;
				CLANG_WARN_OBJC_ROOT_CLASS = YES_ERROR;
				CLANG_WARN_QUOTED_INCLUDE_IN_FRAMEWORK_HEADER = YES;
				CLANG_WARN_RANGE_LOOP_ANALYSIS = YES;
				CLANG_WARN_STRICT_PROTOTYPES = YES;
				CLANG_WARN_SUSPICIOUS_MOVE = YES;
				CLANG_WARN_UNGUARDED_AVAILABILITY = YES_AGGRESSIVE;
				CLANG_WARN_UNREACHABLE_CODE = YES;
				CLANG_WARN__DUPLICATE_METHOD_MATCH = YES;
				COPY_PHASE_STRIP = NO;
				DEBUG_INFORMATION_FORMAT = dwarf;
				ENABLE_STRICT_OBJC_MSGSEND = YES;
				ENABLE_TESTABILITY = YES;
				ENABLE_USER_SCRIPT_SANDBOXING = YES;
				GCC_C_LANGUAGE_STANDARD = gnu17;
				GCC_DYNAMIC_NO_PIC = NO;
				GCC_NO_COMMON_BLOCKS = YES;
				GCC_OPTIMIZATION_LEVEL = 0;
				GCC_PREPROCESSOR_DEFINITIONS = (
					"DEBUG=1",
					"$(inherited)",
				);
				GCC_WARN_64_TO_32_BIT_CONVERSION = YES;
				GCC_WARN_ABOUT_RETURN_TYPE = YES_ERROR;
				GCC_WARN_UNDECLARED_SELECTOR = YES;
				GCC_WARN_UNINITIALIZED_AUTOS = YES_AGGRESSIVE;
				GCC_WARN_UNUSED_FUNCTION = YES;
				GCC_WARN_UNUSED_VARIABLE = YES;
				IPHONEOS_DEPLOYMENT_TARGET = 17.5;
				LOCALIZATION_PREFERS_STRING_CATALOGS = YES;
				MTL_ENABLE_DEBUG_INFO = INCLUDE_SOURCE;
				MTL_FAST_MATH = YES;
				ONLY_ACTIVE_ARCH = YES;
				SDKROOT = iphoneos;
				SWIFT_ACTIVE_COMPILATION_CONDITIONS = "DEBUG $(inherited)";
				SWIFT_OPTIMIZATION_LEVEL = "-Onone";
			};
			name = Debug;
		};
		1C310DF12C8B45820015768C /* Release */ = {
			isa = XCBuildConfiguration;
			buildSettings = {
				ALWAYS_SEARCH_USER_PATHS = NO;
				ASSETCATALOG_COMPILER_GENERATE_SWIFT_ASSET_SYMBOL_EXTENSIONS = YES;
				CLANG_ANALYZER_NONNULL = YES;
				CLANG_ANALYZER_NUMBER_OBJECT_CONVERSION = YES_AGGRESSIVE;
				CLANG_CXX_LANGUAGE_STANDARD = "gnu++20";
				CLANG_ENABLE_MODULES = YES;
				CLANG_ENABLE_OBJC_ARC = YES;
				CLANG_ENABLE_OBJC_WEAK = YES;
				CLANG_WARN_BLOCK_CAPTURE_AUTORELEASING = YES;
				CLANG_WARN_BOOL_CONVERSION = YES;
				CLANG_WARN_COMMA = YES;
				CLANG_WARN_CONSTANT_CONVERSION = YES;
				CLANG_WARN_DEPRECATED_OBJC_IMPLEMENTATIONS = YES;
				CLANG_WARN_DIRECT_OBJC_ISA_USAGE = YES_ERROR;
				CLANG_WARN_DOCUMENTATION_COMMENTS = YES;
				CLANG_WARN_EMPTY_BODY = YES;
				CLANG_WARN_ENUM_CONVERSION = YES;
				CLANG_WARN_INFINITE_RECURSION = YES;
				CLANG_WARN_INT_CONVERSION = YES;
				CLANG_WARN_NON_LITERAL_NULL_CONVERSION = YES;
				CLANG_WARN_OBJC_IMPLICIT_RETAIN_SELF = YES;
				CLANG_WARN_OBJC_LITERAL_CONVERSION = YES;
				CLANG_WARN_OBJC_ROOT_CLASS = YES_ERROR;
				CLANG_WARN_QUOTED_INCLUDE_IN_FRAMEWORK_HEADER = YES;
				CLANG_WARN_RANGE_LOOP_ANALYSIS = YES;
				CLANG_WARN_STRICT_PROTOTYPES = YES;
				CLANG_WARN_SUSPICIOUS_MOVE = YES;
				CLANG_WARN_UNGUARDED_AVAILABILITY = YES_AGGRESSIVE;
				CLANG_WARN_UNREACHABLE_CODE = YES;
				CLANG_WARN__DUPLICATE_METHOD_MATCH = YES;
				COPY_PHASE_STRIP = NO;
				DEBUG_INFORMATION_FORMAT = "dwarf-with-dsym";
				ENABLE_NS_ASSERTIONS = NO;
				ENABLE_STRICT_OBJC_MSGSEND = YES;
				ENABLE_USER_SCRIPT_SANDBOXING = YES;
				GCC_C_LANGUAGE_STANDARD = gnu17;
				GCC_NO_COMMON_BLOCKS = YES;
				GCC_WARN_64_TO_32_BIT_CONVERSION = YES;
				GCC_WARN_ABOUT_RETURN_TYPE = YES_ERROR;
				GCC_WARN_UNDECLARED_SELECTOR = YES;
				GCC_WARN_UNINITIALIZED_AUTOS = YES_AGGRESSIVE;
				GCC_WARN_UNUSED_FUNCTION = YES;
				GCC_WARN_UNUSED_VARIABLE = YES;
				IPHONEOS_DEPLOYMENT_TARGET = 17.5;
				LOCALIZATION_PREFERS_STRING_CATALOGS = YES;
				MTL_ENABLE_DEBUG_INFO = NO;
				MTL_FAST_MATH = YES;
				SDKROOT = iphoneos;
				SWIFT_COMPILATION_MODE = wholemodule;
				VALIDATE_PRODUCT = YES;
			};
			name = Release;
		};
		1C310DF32C8B45820015768C /* Debug */ = {
			isa = XCBuildConfiguration;
			buildSettings = {
				ASSETCATALOG_COMPILER_APPICON_NAME = AppIcon;
				ASSETCATALOG_COMPILER_GLOBAL_ACCENT_COLOR_NAME = AccentColor;
				CODE_SIGN_STYLE = Automatic;
				CURRENT_PROJECT_VERSION = 1;
				DEVELOPMENT_ASSET_PATHS = "\"SFSymbolDemo/Preview Content\"";
				DEVELOPMENT_TEAM = DZASXLLN6R;
				ENABLE_PREVIEWS = YES;
				GENERATE_INFOPLIST_FILE = YES;
				INFOPLIST_KEY_UIApplicationSceneManifest_Generation = YES;
				INFOPLIST_KEY_UIApplicationSupportsIndirectInputEvents = YES;
				INFOPLIST_KEY_UILaunchScreen_Generation = YES;
				INFOPLIST_KEY_UISupportedInterfaceOrientations_iPad = "UIInterfaceOrientationPortrait UIInterfaceOrientationPortraitUpsideDown UIInterfaceOrientationLandscapeLeft UIInterfaceOrientationLandscapeRight";
				INFOPLIST_KEY_UISupportedInterfaceOrientations_iPhone = "UIInterfaceOrientationPortrait UIInterfaceOrientationLandscapeLeft UIInterfaceOrientationLandscapeRight";
				IPHONEOS_DEPLOYMENT_TARGET = 18.0;
				LD_RUNPATH_SEARCH_PATHS = (
					"$(inherited)",
					"@executable_path/Frameworks",
				);
				MARKETING_VERSION = 1.0;
				PRODUCT_BUNDLE_IDENTIFIER = frog.tan.SFSymbolDemo;
				PRODUCT_NAME = "$(TARGET_NAME)";
				SWIFT_EMIT_LOC_STRINGS = YES;
				SWIFT_VERSION = 5.0;
				TARGETED_DEVICE_FAMILY = "1,2";
			};
			name = Debug;
		};
		1C310DF42C8B45820015768C /* Release */ = {
			isa = XCBuildConfiguration;
			buildSettings = {
				ASSETCATALOG_COMPILER_APPICON_NAME = AppIcon;
				ASSETCATALOG_COMPILER_GLOBAL_ACCENT_COLOR_NAME = AccentColor;
				CODE_SIGN_STYLE = Automatic;
				CURRENT_PROJECT_VERSION = 1;
				DEVELOPMENT_ASSET_PATHS = "\"SFSymbolDemo/Preview Content\"";
				DEVELOPMENT_TEAM = DZASXLLN6R;
				ENABLE_PREVIEWS = YES;
				GENERATE_INFOPLIST_FILE = YES;
				INFOPLIST_KEY_UIApplicationSceneManifest_Generation = YES;
				INFOPLIST_KEY_UIApplicationSupportsIndirectInputEvents = YES;
				INFOPLIST_KEY_UILaunchScreen_Generation = YES;
				INFOPLIST_KEY_UISupportedInterfaceOrientations_iPad = "UIInterfaceOrientationPortrait UIInterfaceOrientationPortraitUpsideDown UIInterfaceOrientationLandscapeLeft UIInterfaceOrientationLandscapeRight";
				INFOPLIST_KEY_UISupportedInterfaceOrientations_iPhone = "UIInterfaceOrientationPortrait UIInterfaceOrientationLandscapeLeft UIInterfaceOrientationLandscapeRight";
				IPHONEOS_DEPLOYMENT_TARGET = 18.0;
				LD_RUNPATH_SEARCH_PATHS = (
					"$(inherited)",
					"@executable_path/Frameworks",
				);
				MARKETING_VERSION = 1.0;
				PRODUCT_BUNDLE_IDENTIFIER = frog.tan.SFSymbolDemo;
				PRODUCT_NAME = "$(TARGET_NAME)";
				SWIFT_EMIT_LOC_STRINGS = YES;
				SWIFT_VERSION = 5.0;
				TARGETED_DEVICE_FAMILY = "1,2";
			};
			name = Release;
		};
/* End XCBuildConfiguration section */

/* Begin XCConfigurationList section */
		1C310DDF2C8B45800015768C /* Build configuration list for PBXProject "SFSymbolDemo" */ = {
			isa = XCConfigurationList;
			buildConfigurations = (
				1C310DF02C8B45820015768C /* Debug */,
				1C310DF12C8B45820015768C /* Release */,
			);
			defaultConfigurationIsVisible = 0;
			defaultConfigurationName = Release;
		};
		1C310DF22C8B45820015768C /* Build configuration list for PBXNativeTarget "SFSymbolDemo" */ = {
			isa = XCConfigurationList;
			buildConfigurations = (
				1C310DF32C8B45820015768C /* Debug */,
				1C310DF42C8B45820015768C /* Release */,
			);
			defaultConfigurationIsVisible = 0;
			defaultConfigurationName = Release;
		};
/* End XCConfigurationList section */
	};
	rootObject = 1C310DDC2C8B45800015768C /* Project object */;
}
